{
  "name": "developers-site",
  "version": "1.0.0",
  "lockfileVersion": 2,
  "requires": true,
  "packages": {
    "": {
      "name": "developers-site",
      "version": "1.0.0",
      "license": "ISC",
      "dependencies": {
        "async": "^3.2.4",
        "remarkable-admonitions": "^0.2.1"
      }
    },
    "node_modules/async": {
      "version": "3.2.4",
      "resolved": "https://registry.npmjs.org/async/-/async-3.2.4.tgz",
      "integrity": "sha512-iAB+JbDEGXhyIUavoDl9WP/Jj106Kz9DEn1DPgYw5ruDn0e3Wgi3sKFm55sASdGBNOQB8F59d9qQ7deqrHA8wQ=="
    },
    "node_modules/remarkable-admonitions": {
      "version": "0.2.1",
      "resolved": "https://registry.npmjs.org/remarkable-admonitions/-/remarkable-admonitions-0.2.1.tgz",
      "integrity": "sha512-Uqeye087AIuo+BMUwteuG7e3GhoPqeT8aFjD8DaIqjUk2rn+7T7A6xank7fVlU+GHgbjT49DDC13nHLWwdBxRw=="
    }
  },
  "dependencies": {
    "async": {
      "version": "3.2.4",
      "resolved": "https://registry.npmjs.org/async/-/async-3.2.4.tgz",
      "integrity": "sha512-iAB+JbDEGXhyIUavoDl9WP/Jj106Kz9DEn1DPgYw5ruDn0e3Wgi3sKFm55sASdGBNOQB8F59d9qQ7deqrHA8wQ=="
    },
    "remarkable-admonitions": {
      "version": "0.2.1",
      "resolved": "https://registry.npmjs.org/remarkable-admonitions/-/remarkable-admonitions-0.2.1.tgz",
      "integrity": "sha512-Uqeye087AIuo+BMUwteuG7e3GhoPqeT8aFjD8DaIqjUk2rn+7T7A6xank7fVlU+GHgbjT49DDC13nHLWwdBxRw=="
    }
  }
}
