{
  "name": "developers-site",
  "version": "1.0.0",
  "lockfileVersion": 1,
  "requires": true,
  "dependencies": {
    "remarkable-admonitions": {
      "version": "0.2.1",
      "resolved": "https://registry.npmjs.org/remarkable-admonitions/-/remarkable-admonitions-0.2.1.tgz",
      "integrity": "sha512-Uqeye087AIuo+BMUwteuG7e3GhoPqeT8aFjD8DaIqjUk2rn+7T7A6xank7fVlU+GHgbjT49DDC13nHLWwdBxRw=="
    }
  }
}
