# THIS IS AN AUTOGENERATED FILE. DO NOT EDIT THIS FILE DIRECTLY.
# yarn lockfile v1


remarkable-admonitions@^0.2.1:
  version "0.2.2"
  resolved "https://registry.yarnpkg.com/remarkable-admonitions/-/remarkable-admonitions-0.2.2.tgz#8765f9ec66be4f4c651a4e1cfb559dd7f920819c"
  integrity sha512-CcMTEcLYmJLXX3IVMk4LyW4oFD2NQxh5FeLzn4k89TAPpyWIeVix/B/g/gDbZAUpCNY9l6heovR5NNIktf8X5A==
